// !$*UTF8*$!
{
	archiveVersion = 1;
	classes = {
	};
	objectVersion = 50;
	objects = {

/* Begin PBXBuildFile section */
		3FA0AE0C244A3D0C00987E6B /* AppDelegate.swift in Sources */ = {isa = PBXBuildFile; fileRef = 3FA0AE0B244A3D0C00987E6B /* AppDelegate.swift */; };
		3FA0AE0E244A3D0C00987E6B /* SceneDelegate.swift in Sources */ = {isa = PBXBuildFile; fileRef = 3FA0AE0D244A3D0C00987E6B /* SceneDelegate.swift */; };
		3FA0AE10244A3D0C00987E6B /* ViewController.swift in Sources */ = {isa = PBXBuildFile; fileRef = 3FA0AE0F244A3D0C00987E6B /* ViewController.swift */; };
		3FA0AE13244A3D0C00987E6B /* Main.storyboard in Resources */ = {isa = PBXBuildFile; fileRef = 3FA0AE11244A3D0C00987E6B /* Main.storyboard */; };
		3FA0AE15244A3D0E00987E6B /* Assets.xcassets in Resources */ = {isa = PBXBuildFile; fileRef = 3FA0AE14244A3D0E00987E6B /* Assets.xcassets */; };
		3FA0AE18244A3D0E00987E6B /* LaunchScreen.storyboard in Resources */ = {isa = PBXBuildFile; fileRef = 3FA0AE16244A3D0E00987E6B /* LaunchScreen.storyboard */; };
		3FA0AE20244A3E9300987E6B /* PokemonDetailViewController.swift in Sources */ = {isa = PBXBuildFile; fileRef = 3FA0AE1F244A3E9300987E6B /* PokemonDetailViewController.swift */; };
		3FA0AE25244A3F0A00987E6B /* Pokemon.swift in Sources */ = {isa = PBXBuildFile; fileRef = 3FA0AE24244A3F0A00987E6B /* Pokemon.swift */; };
		3FA0AE27244A44F400987E6B /* PokedexTableViewCell.swift in Sources */ = {isa = PBXBuildFile; fileRef = 3FA0AE26244A44F400987E6B /* PokedexTableViewCell.swift */; };
		3FA0AE29244A45B500987E6B /* NetworkManager.swift in Sources */ = {isa = PBXBuildFile; fileRef = 3FA0AE28244A45B500987E6B /* NetworkManager.swift */; };
/* End PBXBuildFile section */

/* Begin PBXFileReference section */
		3FA0AE08244A3D0C00987E6B /* PokemonAPI.app */ = {isa = PBXFileReference; explicitFileType = wrapper.application; includeInIndex = 0; path = PokemonAPI.app; sourceTree = BUILT_PRODUCTS_DIR; };
		3FA0AE0B244A3D0C00987E6B /* AppDelegate.swift */ = {isa = PBXFileReference; lastKnownFileType = sourcecode.swift; path = AppDelegate.swift; sourceTree = "<group>"; };
		3FA0AE0D244A3D0C00987E6B /* SceneDelegate.swift */ = {isa = PBXFileReference; lastKnownFileType = sourcecode.swift; path = SceneDelegate.swift; sourceTree = "<group>"; };
		3FA0AE0F244A3D0C00987E6B /* ViewController.swift */ = {isa = PBXFileReference; lastKnownFileType = sourcecode.swift; path = ViewController.swift; sourceTree = "<group>"; };
		3FA0AE12244A3D0C00987E6B /* Base */ = {isa = PBXFileReference; lastKnownFileType = file.storyboard; name = Base; path = Base.lproj/Main.storyboard; sourceTree = "<group>"; };
		3FA0AE14244A3D0E00987E6B /* Assets.xcassets */ = {isa = PBXFileReference; lastKnownFileType = folder.assetcatalog; path = Assets.xcassets; sourceTree = "<group>"; };
		3FA0AE17244A3D0E00987E6B /* Base */ = {isa = PBXFileReference; lastKnownFileType = file.storyboard; name = Base; path = Base.lproj/LaunchScreen.storyboard; sourceTree = "<group>"; };
		3FA0AE19244A3D0E00987E6B /* Info.plist */ = {isa = PBXFileReference; lastKnownFileType = text.plist.xml; path = Info.plist; sourceTree = "<group>"; };
		3FA0AE1F244A3E9300987E6B /* PokemonDetailViewController.swift */ = {isa = PBXFileReference; lastKnownFileType = sourcecode.swift; path = PokemonDetailViewController.swift; sourceTree = "<group>"; };
		3FA0AE24244A3F0A00987E6B /* Pokemon.swift */ = {isa = PBXFileReference; lastKnownFileType = sourcecode.swift; path = Pokemon.swift; sourceTree = "<group>"; };
		3FA0AE26244A44F400987E6B /* PokedexTableViewCell.swift */ = {isa = PBXFileReference; lastKnownFileType = sourcecode.swift; path = PokedexTableViewCell.swift; sourceTree = "<group>"; };
		3FA0AE28244A45B500987E6B /* NetworkManager.swift */ = {isa = PBXFileReference; lastKnownFileType = sourcecode.swift; path = NetworkManager.swift; sourceTree = "<group>"; };
/* End PBXFileReference section */

/* Begin PBXFrameworksBuildPhase section */
		3FA0AE05244A3D0C00987E6B /* Frameworks */ = {
			isa = PBXFrameworksBuildPhase;
			buildActionMask = 2147483647;
			files = (
			);
			runOnlyForDeploymentPostprocessing = 0;
		};
/* End PBXFrameworksBuildPhase section */

/* Begin PBXGroup section */
		3FA0ADFF244A3D0C00987E6B = {
			isa = PBXGroup;
			children = (
				3FA0AE0A244A3D0C00987E6B /* PokemonAPI */,
				3FA0AE09244A3D0C00987E6B /* Products */,
			);
			sourceTree = "<group>";
		};
		3FA0AE09244A3D0C00987E6B /* Products */ = {
			isa = PBXGroup;
			children = (
				3FA0AE08244A3D0C00987E6B /* PokemonAPI.app */,
			);
			name = Products;
			sourceTree = "<group>";
		};
		3FA0AE0A244A3D0C00987E6B /* PokemonAPI */ = {
			isa = PBXGroup;
			children = (
				3FA0AE28244A45B500987E6B /* NetworkManager.swift */,
				3FA0AE23244A3EFB00987E6B /* Cells */,
				3FA0AE22244A3EF000987E6B /* Model */,
				3FA0AE21244A3EBA00987E6B /* Controllers */,
				3FA0AE0B244A3D0C00987E6B /* AppDelegate.swift */,
				3FA0AE0D244A3D0C00987E6B /* SceneDelegate.swift */,
				3FA0AE11244A3D0C00987E6B /* Main.storyboard */,
				3FA0AE14244A3D0E00987E6B /* Assets.xcassets */,
				3FA0AE16244A3D0E00987E6B /* LaunchScreen.storyboard */,
				3FA0AE19244A3D0E00987E6B /* Info.plist */,
			);
			path = PokemonAPI;
			sourceTree = "<group>";
		};
		3FA0AE21244A3EBA00987E6B /* Controllers */ = {
			isa = PBXGroup;
			children = (
				3FA0AE0F244A3D0C00987E6B /* ViewController.swift */,
				3FA0AE1F244A3E9300987E6B /* PokemonDetailViewController.swift */,
			);
			path = Controllers;
			sourceTree = "<group>";
		};
		3FA0AE22244A3EF000987E6B /* Model */ = {
			isa = PBXGroup;
			children = (
				3FA0AE24244A3F0A00987E6B /* Pokemon.swift */,
			);
			path = Model;
			sourceTree = "<group>";
		};
		3FA0AE23244A3EFB00987E6B /* Cells */ = {
			isa = PBXGroup;
			children = (
				3FA0AE26244A44F400987E6B /* PokedexTableViewCell.swift */,
			);
			path = Cells;
			sourceTree = "<group>";
		};
/* End PBXGroup section */

/* Begin PBXNativeTarget section */
		3FA0AE07244A3D0C00987E6B /* PokemonAPI */ = {
			isa = PBXNativeTarget;
			buildConfigurationList = 3FA0AE1C244A3D0E00987E6B /* Build configuration list for PBXNativeTarget "PokemonAPI" */;
			buildPhases = (
				3FA0AE04244A3D0C00987E6B /* Sources */,
				3FA0AE05244A3D0C00987E6B /* Frameworks */,
				3FA0AE06244A3D0C00987E6B /* Resources */,
			);
			buildRules = (
			);
			dependencies = (
			);
			name = PokemonAPI;
			productName = PokemonAPI;
			productReference = 3FA0AE08244A3D0C00987E6B /* PokemonAPI.app */;
			productType = "com.apple.product-type.application";
		};
/* End PBXNativeTarget section */

/* Begin PBXProject section */
		3FA0AE00244A3D0C00987E6B /* Project object */ = {
			isa = PBXProject;
			attributes = {
				LastSwiftUpdateCheck = 1140;
				LastUpgradeCheck = 1140;
				ORGANIZATIONNAME = "Henry Calderon";
				TargetAttributes = {
					3FA0AE07244A3D0C00987E6B = {
						CreatedOnToolsVersion = 11.4.1;
					};
				};
			};
			buildConfigurationList = 3FA0AE03244A3D0C00987E6B /* Build configuration list for PBXProject "PokemonAPI" */;
			compatibilityVersion = "Xcode 9.3";
			developmentRegion = en;
			hasScannedForEncodings = 0;
			knownRegions = (
				en,
				Base,
			);
			mainGroup = 3FA0ADFF244A3D0C00987E6B;
			productRefGroup = 3FA0AE09244A3D0C00987E6B /* Products */;
			projectDirPath = "";
			projectRoot = "";
			targets = (
				3FA0AE07244A3D0C00987E6B /* PokemonAPI */,
			);
		};
/* End PBXProject section */

/* Begin PBXResourcesBuildPhase section */
		3FA0AE06244A3D0C00987E6B /* Resources */ = {
			isa = PBXResourcesBuildPhase;
			buildActionMask = 2147483647;
			files = (
				3FA0AE18244A3D0E00987E6B /* LaunchScreen.storyboard in Resources */,
				3FA0AE15244A3D0E00987E6B /* Assets.xcassets in Resources */,
				3FA0AE13244A3D0C00987E6B /* Main.storyboard in Resources */,
			);
			runOnlyForDeploymentPostprocessing = 0;
		};
/* End PBXResourcesBuildPhase section */

/* Begin PBXSourcesBuildPhase section */
		3FA0AE04244A3D0C00987E6B /* Sources */ = {
			isa = PBXSourcesBuildPhase;
			buildActionMask = 2147483647;
			files = (
				3FA0AE27244A44F400987E6B /* PokedexTableViewCell.swift in Sources */,
				3FA0AE25244A3F0A00987E6B /* Pokemon.swift in Sources */,
				3FA0AE10244A3D0C00987E6B /* ViewController.swift in Sources */,
				3FA0AE29244A45B500987E6B /* NetworkManager.swift in Sources */,
				3FA0AE20244A3E9300987E6B /* PokemonDetailViewController.swift in Sources */,
				3FA0AE0C244A3D0C00987E6B /* AppDelegate.swift in Sources */,
				3FA0AE0E244A3D0C00987E6B /* SceneDelegate.swift in Sources */,
			);
			runOnlyForDeploymentPostprocessing = 0;
		};
/* End PBXSourcesBuildPhase section */

/* Begin PBXVariantGroup section */
		3FA0AE11244A3D0C00987E6B /* Main.storyboard */ = {
			isa = PBXVariantGroup;
			children = (
				3FA0AE12244A3D0C00987E6B /* Base */,
			);
			name = Main.storyboard;
			sourceTree = "<group>";
		};
		3FA0AE16244A3D0E00987E6B /* LaunchScreen.storyboard */ = {
			isa = PBXVariantGroup;
			children = (
				3FA0AE17244A3D0E00987E6B /* Base */,
			);
			name = LaunchScreen.storyboard;
			sourceTree = "<group>";
		};
/* End PBXVariantGroup section */

/* Begin XCBuildConfiguration section */
		3FA0AE1A244A3D0E00987E6B /* Debug */ = {
			isa = XCBuildConfiguration;
			buildSettings = {
				ALWAYS_SEARCH_USER_PATHS = NO;
				CLANG_ANALYZER_NONNULL = YES;
				CLANG_ANALYZER_NUMBER_OBJECT_CONVERSION = YES_AGGRESSIVE;
				CLANG_CXX_LANGUAGE_STANDARD = "gnu++14";
				CLANG_CXX_LIBRARY = "libc++";
				CLANG_ENABLE_MODULES = YES;
				CLANG_ENABLE_OBJC_ARC = YES;
				CLANG_ENABLE_OBJC_WEAK = YES;
				CLANG_WARN_BLOCK_CAPTURE_AUTORELEASING = YES;
				CLANG_WARN_BOOL_CONVERSION = YES;
				CLANG_WARN_COMMA = YES;
				CLANG_WARN_CONSTANT_CONVERSION = YES;
				CLANG_WARN_DEPRECATED_OBJC_IMPLEMENTATIONS = YES;
				CLANG_WARN_DIRECT_OBJC_ISA_USAGE = YES_ERROR;
				CLANG_WARN_DOCUMENTATION_COMMENTS = YES;
				CLANG_WARN_EMPTY_BODY = YES;
				CLANG_WARN_ENUM_CONVERSION = YES;
				CLANG_WARN_INFINITE_RECURSION = YES;
				CLANG_WARN_INT_CONVERSION = YES;
				CLANG_WARN_NON_LITERAL_NULL_CONVERSION = YES;
				CLANG_WARN_OBJC_IMPLICIT_RETAIN_SELF = YES;
				CLANG_WARN_OBJC_LITERAL_CONVERSION = YES;
				CLANG_WARN_OBJC_ROOT_CLASS = YES_ERROR;
				CLANG_WARN_RANGE_LOOP_ANALYSIS = YES;
				CLANG_WARN_STRICT_PROTOTYPES = YES;
				CLANG_WARN_SUSPICIOUS_MOVE = YES;
				CLANG_WARN_UNGUARDED_AVAILABILITY = YES_AGGRESSIVE;
				CLANG_WARN_UNREACHABLE_CODE = YES;
				CLANG_WARN__DUPLICATE_METHOD_MATCH = YES;
				COPY_PHASE_STRIP = NO;
				DEBUG_INFORMATION_FORMAT = dwarf;
				ENABLE_STRICT_OBJC_MSGSEND = YES;
				ENABLE_TESTABILITY = YES;
				GCC_C_LANGUAGE_STANDARD = gnu11;
				GCC_DYNAMIC_NO_PIC = NO;
				GCC_NO_COMMON_BLOCKS = YES;
				GCC_OPTIMIZATION_LEVEL = 0;
				GCC_PREPROCESSOR_DEFINITIONS = (
					"DEBUG=1",
					"$(inherited)",
				);
				GCC_WARN_64_TO_32_BIT_CONVERSION = YES;
				GCC_WARN_ABOUT_RETURN_TYPE = YES_ERROR;
				GCC_WARN_UNDECLARED_SELECTOR = YES;
				GCC_WARN_UNINITIALIZED_AUTOS = YES_AGGRESSIVE;
				GCC_WARN_UNUSED_FUNCTION = YES;
				GCC_WARN_UNUSED_VARIABLE = YES;
				IPHONEOS_DEPLOYMENT_TARGET = 13.4;
				MTL_ENABLE_DEBUG_INFO = INCLUDE_SOURCE;
				MTL_FAST_MATH = YES;
				ONLY_ACTIVE_ARCH = YES;
				SDKROOT = iphoneos;
				SWIFT_ACTIVE_COMPILATION_CONDITIONS = DEBUG;
				SWIFT_OPTIMIZATION_LEVEL = "-Onone";
			};
			name = Debug;
		};
		3FA0AE1B244A3D0E00987E6B /* Release */ = {
			isa = XCBuildConfiguration;
			buildSettings = {
				ALWAYS_SEARCH_USER_PATHS = NO;
				CLANG_ANALYZER_NONNULL = YES;
				CLANG_ANALYZER_NUMBER_OBJECT_CONVERSION = YES_AGGRESSIVE;
				CLANG_CXX_LANGUAGE_STANDARD = "gnu++14";
				CLANG_CXX_LIBRARY = "libc++";
				CLANG_ENABLE_MODULES = YES;
				CLANG_ENABLE_OBJC_ARC = YES;
				CLANG_ENABLE_OBJC_WEAK = YES;
				CLANG_WARN_BLOCK_CAPTURE_AUTORELEASING = YES;
				CLANG_WARN_BOOL_CONVERSION = YES;
				CLANG_WARN_COMMA = YES;
				CLANG_WARN_CONSTANT_CONVERSION = YES;
				CLANG_WARN_DEPRECATED_OBJC_IMPLEMENTATIONS = YES;
				CLANG_WARN_DIRECT_OBJC_ISA_USAGE = YES_ERROR;
				CLANG_WARN_DOCUMENTATION_COMMENTS = YES;
				CLANG_WARN_EMPTY_BODY = YES;
				CLANG_WARN_ENUM_CONVERSION = YES;
				CLANG_WARN_INFINITE_RECURSION = YES;
				CLANG_WARN_INT_CONVERSION = YES;
				CLANG_WARN_NON_LITERAL_NULL_CONVERSION = YES;
				CLANG_WARN_OBJC_IMPLICIT_RETAIN_SELF = YES;
				CLANG_WARN_OBJC_LITERAL_CONVERSION = YES;
				CLANG_WARN_OBJC_ROOT_CLASS = YES_ERROR;
				CLANG_WARN_RANGE_LOOP_ANALYSIS = YES;
				CLANG_WARN_STRICT_PROTOTYPES = YES;
				CLANG_WARN_SUSPICIOUS_MOVE = YES;
				CLANG_WARN_UNGUARDED_AVAILABILITY = YES_AGGRESSIVE;
				CLANG_WARN_UNREACHABLE_CODE = YES;
				CLANG_WARN__DUPLICATE_METHOD_MATCH = YES;
				COPY_PHASE_STRIP = NO;
				DEBUG_INFORMATION_FORMAT = "dwarf-with-dsym";
				ENABLE_NS_ASSERTIONS = NO;
				ENABLE_STRICT_OBJC_MSGSEND = YES;
				GCC_C_LANGUAGE_STANDARD = gnu11;
				GCC_NO_COMMON_BLOCKS = YES;
				GCC_WARN_64_TO_32_BIT_CONVERSION = YES;
				GCC_WARN_ABOUT_RETURN_TYPE = YES_ERROR;
				GCC_WARN_UNDECLARED_SELECTOR = YES;
				GCC_WARN_UNINITIALIZED_AUTOS = YES_AGGRESSIVE;
				GCC_WARN_UNUSED_FUNCTION = YES;
				GCC_WARN_UNUSED_VARIABLE = YES;
				IPHONEOS_DEPLOYMENT_TARGET = 13.4;
				MTL_ENABLE_DEBUG_INFO = NO;
				MTL_FAST_MATH = YES;
				SDKROOT = iphoneos;
				SWIFT_COMPILATION_MODE = wholemodule;
				SWIFT_OPTIMIZATION_LEVEL = "-O";
				VALIDATE_PRODUCT = YES;
			};
			name = Release;
		};
		3FA0AE1D244A3D0E00987E6B /* Debug */ = {
			isa = XCBuildConfiguration;
			buildSettings = {
				ASSETCATALOG_COMPILER_APPICON_NAME = AppIcon;
				CODE_SIGN_STYLE = Automatic;
				INFOPLIST_FILE = PokemonAPI/Info.plist;
				LD_RUNPATH_SEARCH_PATHS = (
					"$(inherited)",
					"@executable_path/Frameworks",
				);
				PRODUCT_BUNDLE_IDENTIFIER = com.henrycalderon.PokemonAPI;
				PRODUCT_NAME = "$(TARGET_NAME)";
				SWIFT_VERSION = 5.0;
				TARGETED_DEVICE_FAMILY = "1,2";
			};
			name = Debug;
		};
		3FA0AE1E244A3D0E00987E6B /* Release */ = {
			isa = XCBuildConfiguration;
			buildSettings = {
				ASSETCATALOG_COMPILER_APPICON_NAME = AppIcon;
				CODE_SIGN_STYLE = Automatic;
				INFOPLIST_FILE = PokemonAPI/Info.plist;
				LD_RUNPATH_SEARCH_PATHS = (
					"$(inherited)",
					"@executable_path/Frameworks",
				);
				PRODUCT_BUNDLE_IDENTIFIER = com.henrycalderon.PokemonAPI;
				PRODUCT_NAME = "$(TARGET_NAME)";
				SWIFT_VERSION = 5.0;
				TARGETED_DEVICE_FAMILY = "1,2";
			};
			name = Release;
		};
/* End XCBuildConfiguration section */

/* Begin XCConfigurationList section */
		3FA0AE03244A3D0C00987E6B /* Build configuration list for PBXProject "PokemonAPI" */ = {
			isa = XCConfigurationList;
			buildConfigurations = (
				3FA0AE1A244A3D0E00987E6B /* Debug */,
				3FA0AE1B244A3D0E00987E6B /* Release */,
			);
			defaultConfigurationIsVisible = 0;
			defaultConfigurationName = Release;
		};
		3FA0AE1C244A3D0E00987E6B /* Build configuration list for PBXNativeTarget "PokemonAPI" */ = {
			isa = XCConfigurationList;
			buildConfigurations = (
				3FA0AE1D244A3D0E00987E6B /* Debug */,
				3FA0AE1E244A3D0E00987E6B /* Release */,
			);
			defaultConfigurationIsVisible = 0;
			defaultConfigurationName = Release;
		};
/* End XCConfigurationList section */
	};
	rootObject = 3FA0AE00244A3D0C00987E6B /* Project object */;
}
